{
  "name": "@zerobias-org/schema-bundle",
  "version": "0.0.20",
  "lockfileVersion": 3,
  "requires": true,
  "packages": {
    "": {
      "name": "@zerobias-org/schema-bundle",
      "version": "0.0.20",
      "license": "ISC",
      "dependencies": {
        "@zerobias-org/schema-hl7-fhir": "1.0.0",
        "@zerobias-org/schema-w3geekery-sme-mart": "1.0.4",
        "@zerobias-org/schema-w3geekery-smemart": "1.0.10",
        "@zerobias-org/schema-zerobias-schemas-agentskills": "1.0.6",
        "@zerobias-org/schema-zerobias-schemas-mcpservers": "1.0.2",
        "@zerobias-org/schema-zerobias-zerobias-base": "2.0.6"
      }
    },
    "node_modules/@zerobias-com/schema-zerobias-zerobias-platform": {
      "version": "4.0.55",
      "resolved": "https://npm.pkg.github.com/download/@zerobias-com/schema-zerobias-zerobias-platform/4.0.55/bdd27b01402b14e49c40932939612600dce17e66",
      "integrity": "sha512-3lD7ajo4NfSMQ3lkdmTGNwHODxL+18sLDKqBoCDx3TjqthhQvyjEm0lx7ZOJrz4fT1g1kFuiF/SHqZhJFN+bIw==",
      "license": "ISC"
    },
    "node_modules/@zerobias-com/tag-zerobias-global-tags": {
      "version": "1.0.0",
      "resolved": "https://npm.pkg.github.com/download/@zerobias-com/tag-zerobias-global-tags/1.0.0/39fc287db1ab772d5e9403ede35a092a229e4caa",
      "integrity": "sha512-Ag/RNdRuossmZquOrtrK8YGoXwXjoPNNr5W0pAIPuJ4vG2C7Xt7W4x/cGg7SnUiSZ1NHpb4CIjVLjqWz0ZTiKg==",
      "license": "ISC"
    },
    "node_modules/@zerobias-org/product-hl7-fhir": {
      "version": "1.0.0",
      "resolved": "https://pkg.zerobias.org/@zerobias-org/product-hl7-fhir/-/product-hl7-fhir-1.0.0.tgz",
      "integrity": "sha512-jFu13FCqQ3OXdeLDOncSpTaS+Fr2wMa+vAqUEobAat+5KI13skf2n0SHjkeBTTSi068FXASuFQvfDiiKKZPVeA==",
      "license": "ISC",
      "dependencies": {
        "@zerobias-org/vendor-hl7": "latest"
      }
    },
    "node_modules/@zerobias-org/product-w3geekery-smemart": {
      "version": "1.0.0",
      "resolved": "https://pkg.zerobias.org/@zerobias-org/product-w3geekery-smemart/-/product-w3geekery-smemart-1.0.0.tgz",
      "integrity": "sha512-OupncfSd1/XmmmqHERvqeJzauUNPLkDqLoiI91tbAjFNp9/erRLxA0ulGbHFRn32CBXw0XayvzSUZ3X86t9tvA==",
      "license": "ISC",
      "dependencies": {
        "@zerobias-org/vendor-w3geekery": "latest"
      }
    },
    "node_modules/@zerobias-org/product-zerobias-schemas-agentskills": {
      "version": "1.0.0",
      "resolved": "https://pkg.zerobias.org/@zerobias-org/product-zerobias-schemas-agentskills/-/product-zerobias-schemas-agentskills-1.0.0.tgz",
      "integrity": "sha512-/ZVM6a934w1Pqnmo7Zr2Jw5GzwbOT5srmIE/zVIr8krdXfKS8uSMQ+eSS2C+UpTx+OLv4/6Zf52p5gS+H2hm0A==",
      "license": "ISC",
      "dependencies": {
        "@zerobias-org/suite-zerobias-schemas": "latest"
      }
    },
    "node_modules/@zerobias-org/product-zerobias-schemas-mcpservers": {
      "version": "1.0.0",
      "resolved": "https://pkg.zerobias.org/@zerobias-org/product-zerobias-schemas-mcpservers/-/product-zerobias-schemas-mcpservers-1.0.0.tgz",
      "integrity": "sha512-vYsJeTX/c2hZlcKwnTCqDQQ8OWm6uZFTtP7BkhvjT6yogbm/OEBsJbJ4bKdHqlQMR+Va0bYf07/dYx4muLz3mg==",
      "license": "ISC",
      "dependencies": {
        "@zerobias-org/suite-zerobias-schemas": "latest"
      }
    },
    "node_modules/@zerobias-org/schema-hl7-fhir": {
      "version": "1.0.0",
      "resolved": "https://pkg.zerobias.org/@zerobias-org/schema-hl7-fhir/-/schema-hl7-fhir-1.0.0.tgz",
      "integrity": "sha512-3LkArM8huQKK4oJ2uWpqay93S32w62rqx6bZQcTs3Uq4Jxofy08Or98nSjJ4uTB8W0WUjB3aVLAa4SNooY1pFA==",
      "license": "ISC",
      "dependencies": {
        "@zerobias-com/schema-zerobias-zerobias-platform": "latest",
        "@zerobias-org/product-hl7-fhir": "latest",
        "@zerobias-org/schema-zerobias-zerobias-base": "latest"
      }
    },
    "node_modules/@zerobias-org/schema-w3geekery-sme-mart": {
      "version": "1.0.4",
      "resolved": "https://pkg.zerobias.org/@zerobias-org/schema-w3geekery-sme-mart/-/schema-w3geekery-sme-mart-1.0.4.tgz",
      "integrity": "sha512-qqMg+j62D+Z59zBeulRZNWsfE/5PoQuxKwZ3F5V7e9k4/sxs3dv+lj1GEj52U3qZqIOiT4br41Odetwj9KfFoQ==",
      "deprecated": "Renamed to @zerobias-org/schema-w3geekery-smemart. Use the new package.",
      "license": "ISC"
    },
    "node_modules/@zerobias-org/schema-w3geekery-smemart": {
      "version": "1.0.10",
      "resolved": "https://pkg.zerobias.org/@zerobias-org/schema-w3geekery-smemart/-/schema-w3geekery-smemart-1.0.10.tgz",
      "integrity": "sha512-h+op/XsiQ6t2D7N3hoIa7BqgXkJcV5a33xDIkEEhnxEV+jO7aGxL1VDcVRCRobTaz2wREMH/GmSmST2gSPSbZQ==",
      "license": "ISC",
      "dependencies": {
        "@zerobias-com/schema-zerobias-zerobias-platform": "latest",
        "@zerobias-org/product-w3geekery-smemart": "latest",
        "@zerobias-org/schema-zerobias-zerobias-base": "latest"
      }
    },
    "node_modules/@zerobias-org/schema-zerobias-schemas-agentskills": {
      "version": "1.0.6",
      "resolved": "https://pkg.zerobias.org/@zerobias-org/schema-zerobias-schemas-agentskills/-/schema-zerobias-schemas-agentskills-1.0.6.tgz",
      "integrity": "sha512-ZKW4d1TPPl7BttkNg5GRVYoOXItH5fkMHIOnmhTqeK5AofhQ/CAZQaOEnU2I/NbNza7br/MBTtRAlb3YAfRzog==",
      "license": "ISC",
      "dependencies": {
        "@zerobias-com/schema-zerobias-zerobias-platform": "latest",
        "@zerobias-org/product-zerobias-schemas-agentskills": "latest",
        "@zerobias-org/schema-zerobias-zerobias-base": "latest"
      }
    },
    "node_modules/@zerobias-org/schema-zerobias-schemas-mcpservers": {
      "version": "1.0.2",
      "resolved": "https://pkg.zerobias.org/@zerobias-org/schema-zerobias-schemas-mcpservers/-/schema-zerobias-schemas-mcpservers-1.0.2.tgz",
      "integrity": "sha512-F7aP3BZ/8cM+p2gXRsffuGbWkAJj9xMsUdJXIOv+gfem1iOZ/EGDq9X30hWoLkx3Z4Y4ar9WrzmTAXpXBFgNvg==",
      "license": "ISC",
      "dependencies": {
        "@zerobias-com/schema-zerobias-zerobias-platform": "latest",
        "@zerobias-org/product-zerobias-schemas-mcpservers": "latest",
        "@zerobias-org/schema-zerobias-zerobias-base": "latest"
      }
    },
    "node_modules/@zerobias-org/schema-zerobias-zerobias-base": {
      "version": "2.0.6",
      "resolved": "https://pkg.zerobias.org/@zerobias-org/schema-zerobias-zerobias-base/-/schema-zerobias-zerobias-base-2.0.6.tgz",
      "integrity": "sha512-6gOfhaKLx0e3OCDB3+HmrQMJOdNFsvRPSodJ9QsJuG3bRTrm0ufkZ91K7ttz3IaVE7TjbADKoUe1N8M2IhL+oQ==",
      "license": "ISC",
      "dependencies": {
        "@zerobias-com/schema-zerobias-zerobias-platform": "latest",
        "@zerobias-com/tag-zerobias-global-tags": "^1.0.0"
      }
    },
    "node_modules/@zerobias-org/suite-zerobias-schemas": {
      "version": "1.0.0",
      "resolved": "https://pkg.zerobias.org/@zerobias-org/suite-zerobias-schemas/-/suite-zerobias-schemas-1.0.0.tgz",
      "integrity": "sha512-Ojdyq8aErLYMuJLONI79iTVUMN4Zcsxb0Zsl8k9Dl2oRLbhBe7xshu0dWrZNF5n2FRjS2wWnpumUHOjXUGw3Xg==",
      "license": "ISC",
      "dependencies": {
        "@zerobias-org/vendor-zerobias": "latest"
      }
    },
    "node_modules/@zerobias-org/vendor-hl7": {
      "version": "1.0.6",
      "resolved": "https://pkg.zerobias.org/@zerobias-org/vendor-hl7/-/vendor-hl7-1.0.6.tgz",
      "integrity": "sha512-ZZfiYVkCSC+v6JWNc3o02ZpCNbs60n7yCr0Kre6ayMDTGjQfbBsE/HmlY+PRHCQ2ogVZ/iZ36eKAT6rQZw/sMA==",
      "license": "ISC"
    },
    "node_modules/@zerobias-org/vendor-w3geekery": {
      "version": "1.0.0",
      "resolved": "https://pkg.zerobias.org/@zerobias-org/vendor-w3geekery/-/vendor-w3geekery-1.0.0.tgz",
      "integrity": "sha512-tNo5th7F7P4zdICxi/aPFWMFWxibQa0XRsBwgdZUP8pxhZJ9lEYAPEUmjySF+2v9SINM24gsCXf+RRfHhVBb4Q==",
      "license": "ISC"
    },
    "node_modules/@zerobias-org/vendor-zerobias": {
      "version": "1.0.6",
      "resolved": "https://pkg.zerobias.org/@zerobias-org/vendor-zerobias/-/vendor-zerobias-1.0.6.tgz",
      "integrity": "sha512-k9cEu70epNoV49jV4H/B7HVDEAAlGd0AupG/ErOmRRgC4HQYJW4Q1OfgF88ZSQeTO+QORs18ZSD7dOJkwAi3Yw==",
      "license": "ISC"
    }
  }
}
